
Microsoft Visual Studio Solution File, Format Version 12.00
# Visual Studio Version 16
VisualStudioVersion = 16.0.31424.327
MinimumVisualStudioVersion = 10.0.40219.1
Project("{FAE04EC0-301F-11D3-BF4B-00C04F79EFBC}") = "dadri_api", "dadri_api\dadri_api.csproj", "{F4F46B77-8357-4C65-B1B0-EC8EB4952BDD}"
EndProject
Global
	GlobalSection(SolutionConfigurationPlatforms) = preSolution
		Debug|Any CPU = Debug|Any CPU
		Release|Any CPU = Release|Any CPU
	EndGlobalSection
	GlobalSection(ProjectConfigurationPlatforms) = postSolution
		{F4F46B77-8357-4C65-B1B0-EC8EB4952BDD}.Debug|Any CPU.ActiveCfg = Debug|Any CPU
		{F4F46B77-8357-4C65-B1B0-EC8EB4952BDD}.Debug|Any CPU.Build.0 = Debug|Any CPU
		{F4F46B77-8357-4C65-B1B0-EC8EB4952BDD}.Release|Any CPU.ActiveCfg = Release|Any CPU
		{F4F46B77-8357-4C65-B1B0-EC8EB4952BDD}.Release|Any CPU.Build.0 = Release|Any CPU
	EndGlobalSection
	GlobalSection(SolutionProperties) = preSolution
		HideSolutionNode = FALSE
	EndGlobalSection
	GlobalSection(ExtensibilityGlobals) = postSolution
		SolutionGuid = {2EBF2226-339F-4308-93F1-B182E992837E}
	EndGlobalSection
EndGlobal
